
Microsoft Visual Studio Solution File, Format Version 12.00
# Visual Studio Version 16
VisualStudioVersion = 16.0.29009.5
MinimumVisualStudioVersion = 10.0.40219.1
Project("{888888A0-9F3D-457C-B088-3A5042F75D52}") = "FlaskWeb-spotify", "FlaskWeb-spotify.pyproj", "{47CD66AC-8FDC-4A89-B7C9-3B5AC1F690CD}"
EndProject
Global
	GlobalSection(SolutionConfigurationPlatforms) = preSolution
		Debug|Any CPU = Debug|Any CPU
		Release|Any CPU = Release|Any CPU
	EndGlobalSection
	GlobalSection(ProjectConfigurationPlatforms) = postSolution
		{47CD66AC-8FDC-4A89-B7C9-3B5AC1F690CD}.Debug|Any CPU.ActiveCfg = Debug|Any CPU
		{47CD66AC-8FDC-4A89-B7C9-3B5AC1F690CD}.Debug|Any CPU.Build.0 = Debug|Any CPU
		{47CD66AC-8FDC-4A89-B7C9-3B5AC1F690CD}.Release|Any CPU.ActiveCfg = Release|Any CPU
		{47CD66AC-8FDC-4A89-B7C9-3B5AC1F690CD}.Release|Any CPU.Build.0 = Release|Any CPU
	EndGlobalSection
	GlobalSection(SolutionProperties) = preSolution
		HideSolutionNode = FALSE
	EndGlobalSection
	GlobalSection(ExtensibilityGlobals) = postSolution
		SolutionGuid = {611A453D-0E9A-4FEC-AC01-0F2853941957}
	EndGlobalSection
EndGlobal
